// !$*UTF8*$!
{
	archiveVersion = 1;
	classes = {
	};
	objectVersion = 48;
	objects = {

/* Begin PBXBuildFile section */
		36C2ECD7207B6DAE003CDA33 /* TimeTouchBarItem.swift in Sources */ = {isa = PBXBuildFile; fileRef = 36C2ECD6207B6DAE003CDA33 /* TimeTouchBarItem.swift */; };
		36C2ECD9207B74B4003CDA33 /* AppleScriptTouchBarItem.swift in Sources */ = {isa = PBXBuildFile; fileRef = 36C2ECD8207B74B4003CDA33 /* AppleScriptTouchBarItem.swift */; };
		B059D622205E03F5006E6B86 /* TouchBarController.swift in Sources */ = {isa = PBXBuildFile; fileRef = B059D621205E03F5006E6B86 /* TouchBarController.swift */; };
		B059D624205E04F3006E6B86 /* TouchBarItems.swift in Sources */ = {isa = PBXBuildFile; fileRef = B059D623205E04F3006E6B86 /* TouchBarItems.swift */; };
		B059D62D205F11E8006E6B86 /* DFRFoundation.framework in Frameworks */ = {isa = PBXBuildFile; fileRef = B059D62C205F11E8006E6B86 /* DFRFoundation.framework */; };
		B082B253205C7D8000BC04DC /* AppDelegate.swift in Sources */ = {isa = PBXBuildFile; fileRef = B082B252205C7D8000BC04DC /* AppDelegate.swift */; };
		B082B255205C7D8000BC04DC /* ViewController.swift in Sources */ = {isa = PBXBuildFile; fileRef = B082B254205C7D8000BC04DC /* ViewController.swift */; };
		B082B257205C7D8000BC04DC /* Assets.xcassets in Resources */ = {isa = PBXBuildFile; fileRef = B082B256205C7D8000BC04DC /* Assets.xcassets */; };
		B082B25A205C7D8000BC04DC /* Main.storyboard in Resources */ = {isa = PBXBuildFile; fileRef = B082B258205C7D8000BC04DC /* Main.storyboard */; };
		B082B266205C7D8000BC04DC /* MTMRTests.swift in Sources */ = {isa = PBXBuildFile; fileRef = B082B265205C7D8000BC04DC /* MTMRTests.swift */; };
		B082B271205C7D8000BC04DC /* MTMRUITests.swift in Sources */ = {isa = PBXBuildFile; fileRef = B082B270205C7D8000BC04DC /* MTMRUITests.swift */; };
		B0A7E9AA205D6AA400EEF070 /* KeyPress.swift in Sources */ = {isa = PBXBuildFile; fileRef = B0A7E9A9205D6AA400EEF070 /* KeyPress.swift */; };
		B0C1CFCA205C97D30021C862 /* WindowController.swift in Sources */ = {isa = PBXBuildFile; fileRef = B0C1CFC9205C97D30021C862 /* WindowController.swift */; };
		B0F8771A207AC1EA00D6E430 /* TouchBarSupport.m in Sources */ = {isa = PBXBuildFile; fileRef = B0F87719207AC1EA00D6E430 /* TouchBarSupport.m */; };
		B0F8771D207AD35400D6E430 /* battery.scpt in Resources */ = {isa = PBXBuildFile; fileRef = B0F8771C207AD35400D6E430 /* battery.scpt */; };
/* End PBXBuildFile section */

/* Begin PBXContainerItemProxy section */
		B082B262205C7D8000BC04DC /* PBXContainerItemProxy */ = {
			isa = PBXContainerItemProxy;
			containerPortal = B082B247205C7D8000BC04DC /* Project object */;
			proxyType = 1;
			remoteGlobalIDString = B082B24E205C7D8000BC04DC;
			remoteInfo = MTMR;
		};
		B082B26D205C7D8000BC04DC /* PBXContainerItemProxy */ = {
			isa = PBXContainerItemProxy;
			containerPortal = B082B247205C7D8000BC04DC /* Project object */;
			proxyType = 1;
			remoteGlobalIDString = B082B24E205C7D8000BC04DC;
			remoteInfo = MTMR;
		};
/* End PBXContainerItemProxy section */

/* Begin PBXFileReference section */
		36C2ECD2207B3B1D003CDA33 /* README.md */ = {isa = PBXFileReference; fileEncoding = 4; lastKnownFileType = net.daringfireball.markdown; path = README.md; sourceTree = "<group>"; };
		36C2ECD6207B6DAE003CDA33 /* TimeTouchBarItem.swift */ = {isa = PBXFileReference; lastKnownFileType = sourcecode.swift; path = TimeTouchBarItem.swift; sourceTree = "<group>"; };
		36C2ECD8207B74B4003CDA33 /* AppleScriptTouchBarItem.swift */ = {isa = PBXFileReference; lastKnownFileType = sourcecode.swift; path = AppleScriptTouchBarItem.swift; sourceTree = "<group>"; };
		B059D621205E03F5006E6B86 /* TouchBarController.swift */ = {isa = PBXFileReference; lastKnownFileType = sourcecode.swift; path = TouchBarController.swift; sourceTree = "<group>"; };
		B059D623205E04F3006E6B86 /* TouchBarItems.swift */ = {isa = PBXFileReference; lastKnownFileType = sourcecode.swift; path = TouchBarItems.swift; sourceTree = "<group>"; };
		B059D629205E13E5006E6B86 /* TouchBarPrivateApi.h */ = {isa = PBXFileReference; lastKnownFileType = sourcecode.c.h; path = TouchBarPrivateApi.h; sourceTree = "<group>"; };
		B059D62A205F0E7D006E6B86 /* TouchBarPrivateApi-Bridging.h */ = {isa = PBXFileReference; lastKnownFileType = sourcecode.c.h; path = "TouchBarPrivateApi-Bridging.h"; sourceTree = "<group>"; };
		B059D62C205F11E8006E6B86 /* DFRFoundation.framework */ = {isa = PBXFileReference; lastKnownFileType = wrapper.framework; name = DFRFoundation.framework; path = ../../../../../System/Library/PrivateFrameworks/DFRFoundation.framework; sourceTree = "<group>"; };
		B082B24F205C7D8000BC04DC /* MTMR.app */ = {isa = PBXFileReference; explicitFileType = wrapper.application; includeInIndex = 0; path = MTMR.app; sourceTree = BUILT_PRODUCTS_DIR; };
		B082B252205C7D8000BC04DC /* AppDelegate.swift */ = {isa = PBXFileReference; lastKnownFileType = sourcecode.swift; path = AppDelegate.swift; sourceTree = "<group>"; };
		B082B254205C7D8000BC04DC /* ViewController.swift */ = {isa = PBXFileReference; lastKnownFileType = sourcecode.swift; path = ViewController.swift; sourceTree = "<group>"; };
		B082B256205C7D8000BC04DC /* Assets.xcassets */ = {isa = PBXFileReference; lastKnownFileType = folder.assetcatalog; path = Assets.xcassets; sourceTree = "<group>"; };
		B082B259205C7D8000BC04DC /* Base */ = {isa = PBXFileReference; lastKnownFileType = file.storyboard; name = Base; path = Base.lproj/Main.storyboard; sourceTree = "<group>"; };
		B082B25B205C7D8000BC04DC /* Info.plist */ = {isa = PBXFileReference; lastKnownFileType = text.plist.xml; path = Info.plist; sourceTree = "<group>"; };
		B082B25C205C7D8000BC04DC /* MTMR.entitlements */ = {isa = PBXFileReference; lastKnownFileType = text.plist.entitlements; path = MTMR.entitlements; sourceTree = "<group>"; };
		B082B261205C7D8000BC04DC /* MTMRTests.xctest */ = {isa = PBXFileReference; explicitFileType = wrapper.cfbundle; includeInIndex = 0; path = MTMRTests.xctest; sourceTree = BUILT_PRODUCTS_DIR; };
		B082B265205C7D8000BC04DC /* MTMRTests.swift */ = {isa = PBXFileReference; lastKnownFileType = sourcecode.swift; path = MTMRTests.swift; sourceTree = "<group>"; };
		B082B267205C7D8000BC04DC /* Info.plist */ = {isa = PBXFileReference; lastKnownFileType = text.plist.xml; path = Info.plist; sourceTree = "<group>"; };
		B082B26C205C7D8000BC04DC /* MTMRUITests.xctest */ = {isa = PBXFileReference; explicitFileType = wrapper.cfbundle; includeInIndex = 0; path = MTMRUITests.xctest; sourceTree = BUILT_PRODUCTS_DIR; };
		B082B270205C7D8000BC04DC /* MTMRUITests.swift */ = {isa = PBXFileReference; lastKnownFileType = sourcecode.swift; path = MTMRUITests.swift; sourceTree = "<group>"; };
		B082B272205C7D8000BC04DC /* Info.plist */ = {isa = PBXFileReference; lastKnownFileType = text.plist.xml; path = Info.plist; sourceTree = "<group>"; };
		B0A7E9A9205D6AA400EEF070 /* KeyPress.swift */ = {isa = PBXFileReference; lastKnownFileType = sourcecode.swift; path = KeyPress.swift; sourceTree = "<group>"; };
		B0C1CFC9205C97D30021C862 /* WindowController.swift */ = {isa = PBXFileReference; lastKnownFileType = sourcecode.swift; path = WindowController.swift; sourceTree = "<group>"; };
		B0F87719207AC1EA00D6E430 /* TouchBarSupport.m */ = {isa = PBXFileReference; lastKnownFileType = sourcecode.c.objc; path = TouchBarSupport.m; sourceTree = "<group>"; };
		B0F8771B207AC92700D6E430 /* TouchBarSupport.h */ = {isa = PBXFileReference; lastKnownFileType = sourcecode.c.h; path = TouchBarSupport.h; sourceTree = "<group>"; };
		B0F8771C207AD35400D6E430 /* battery.scpt */ = {isa = PBXFileReference; lastKnownFileType = text; path = battery.scpt; sourceTree = "<group>"; };
/* End PBXFileReference section */

/* Begin PBXFrameworksBuildPhase section */
		B082B24C205C7D8000BC04DC /* Frameworks */ = {
			isa = PBXFrameworksBuildPhase;
			buildActionMask = 2147483647;
			files = (
				B059D62D205F11E8006E6B86 /* DFRFoundation.framework in Frameworks */,
			);
			runOnlyForDeploymentPostprocessing = 0;
		};
		B082B25E205C7D8000BC04DC /* Frameworks */ = {
			isa = PBXFrameworksBuildPhase;
			buildActionMask = 2147483647;
			files = (
			);
			runOnlyForDeploymentPostprocessing = 0;
		};
		B082B269205C7D8000BC04DC /* Frameworks */ = {
			isa = PBXFrameworksBuildPhase;
			buildActionMask = 2147483647;
			files = (
			);
			runOnlyForDeploymentPostprocessing = 0;
		};
/* End PBXFrameworksBuildPhase section */

/* Begin PBXGroup section */
		B059D62B205F11E8006E6B86 /* Frameworks */ = {
			isa = PBXGroup;
			children = (
				B059D62C205F11E8006E6B86 /* DFRFoundation.framework */,
			);
			name = Frameworks;
			sourceTree = "<group>";
		};
		B082B246205C7D8000BC04DC = {
			isa = PBXGroup;
			children = (
				36C2ECD2207B3B1D003CDA33 /* README.md */,
				B082B251205C7D8000BC04DC /* MTMR */,
				B082B264205C7D8000BC04DC /* MTMRTests */,
				B082B26F205C7D8000BC04DC /* MTMRUITests */,
				B082B250205C7D8000BC04DC /* Products */,
				B059D62B205F11E8006E6B86 /* Frameworks */,
			);
			sourceTree = "<group>";
		};
		B082B250205C7D8000BC04DC /* Products */ = {
			isa = PBXGroup;
			children = (
				B082B24F205C7D8000BC04DC /* MTMR.app */,
				B082B261205C7D8000BC04DC /* MTMRTests.xctest */,
				B082B26C205C7D8000BC04DC /* MTMRUITests.xctest */,
			);
			name = Products;
			sourceTree = "<group>";
		};
		B082B251205C7D8000BC04DC /* MTMR */ = {
			isa = PBXGroup;
			children = (
				B059D629205E13E5006E6B86 /* TouchBarPrivateApi.h */,
				B059D62A205F0E7D006E6B86 /* TouchBarPrivateApi-Bridging.h */,
				B082B252205C7D8000BC04DC /* AppDelegate.swift */,
				B082B254205C7D8000BC04DC /* ViewController.swift */,
				B082B256205C7D8000BC04DC /* Assets.xcassets */,
				B0A7E9A9205D6AA400EEF070 /* KeyPress.swift */,
				B059D623205E04F3006E6B86 /* TouchBarItems.swift */,
				36C2ECD8207B74B4003CDA33 /* AppleScriptTouchBarItem.swift */,
				36C2ECD6207B6DAE003CDA33 /* TimeTouchBarItem.swift */,
				B059D621205E03F5006E6B86 /* TouchBarController.swift */,
				B0C1CFC9205C97D30021C862 /* WindowController.swift */,
				B082B258205C7D8000BC04DC /* Main.storyboard */,
				B082B25B205C7D8000BC04DC /* Info.plist */,
				B082B25C205C7D8000BC04DC /* MTMR.entitlements */,
				B0F87719207AC1EA00D6E430 /* TouchBarSupport.m */,
				B0F8771B207AC92700D6E430 /* TouchBarSupport.h */,
				B0F8771C207AD35400D6E430 /* battery.scpt */,
			);
			path = MTMR;
			sourceTree = "<group>";
		};
		B082B264205C7D8000BC04DC /* MTMRTests */ = {
			isa = PBXGroup;
			children = (
				B082B265205C7D8000BC04DC /* MTMRTests.swift */,
				B082B267205C7D8000BC04DC /* Info.plist */,
			);
			path = MTMRTests;
			sourceTree = "<group>";
		};
		B082B26F205C7D8000BC04DC /* MTMRUITests */ = {
			isa = PBXGroup;
			children = (
				B082B270205C7D8000BC04DC /* MTMRUITests.swift */,
				B082B272205C7D8000BC04DC /* Info.plist */,
			);
			path = MTMRUITests;
			sourceTree = "<group>";
		};
/* End PBXGroup section */

/* Begin PBXNativeTarget section */
		B082B24E205C7D8000BC04DC /* MTMR */ = {
			isa = PBXNativeTarget;
			buildConfigurationList = B082B275205C7D8000BC04DC /* Build configuration list for PBXNativeTarget "MTMR" */;
			buildPhases = (
				B082B24B205C7D8000BC04DC /* Sources */,
				B082B24C205C7D8000BC04DC /* Frameworks */,
				B082B24D205C7D8000BC04DC /* Resources */,
			);
			buildRules = (
			);
			dependencies = (
			);
			name = MTMR;
			productName = MTMR;
			productReference = B082B24F205C7D8000BC04DC /* MTMR.app */;
			productType = "com.apple.product-type.application";
		};
		B082B260205C7D8000BC04DC /* MTMRTests */ = {
			isa = PBXNativeTarget;
			buildConfigurationList = B082B278205C7D8000BC04DC /* Build configuration list for PBXNativeTarget "MTMRTests" */;
			buildPhases = (
				B082B25D205C7D8000BC04DC /* Sources */,
				B082B25E205C7D8000BC04DC /* Frameworks */,
				B082B25F205C7D8000BC04DC /* Resources */,
			);
			buildRules = (
			);
			dependencies = (
				B082B263205C7D8000BC04DC /* PBXTargetDependency */,
			);
			name = MTMRTests;
			productName = MTMRTests;
			productReference = B082B261205C7D8000BC04DC /* MTMRTests.xctest */;
			productType = "com.apple.product-type.bundle.unit-test";
		};
		B082B26B205C7D8000BC04DC /* MTMRUITests */ = {
			isa = PBXNativeTarget;
			buildConfigurationList = B082B27B205C7D8000BC04DC /* Build configuration list for PBXNativeTarget "MTMRUITests" */;
			buildPhases = (
				B082B268205C7D8000BC04DC /* Sources */,
				B082B269205C7D8000BC04DC /* Frameworks */,
				B082B26A205C7D8000BC04DC /* Resources */,
			);
			buildRules = (
			);
			dependencies = (
				B082B26E205C7D8000BC04DC /* PBXTargetDependency */,
			);
			name = MTMRUITests;
			productName = MTMRUITests;
			productReference = B082B26C205C7D8000BC04DC /* MTMRUITests.xctest */;
			productType = "com.apple.product-type.bundle.ui-testing";
		};
/* End PBXNativeTarget section */

/* Begin PBXProject section */
		B082B247205C7D8000BC04DC /* Project object */ = {
			isa = PBXProject;
			attributes = {
				LastSwiftUpdateCheck = 0920;
				LastUpgradeCheck = 0930;
				ORGANIZATIONNAME = "Anton Palgunov";
				TargetAttributes = {
					B082B24E205C7D8000BC04DC = {
						CreatedOnToolsVersion = 9.2;
						ProvisioningStyle = Automatic;
						SystemCapabilities = {
							com.apple.Sandbox = {
								enabled = 0;
							};
						};
					};
					B082B260205C7D8000BC04DC = {
						CreatedOnToolsVersion = 9.2;
						ProvisioningStyle = Automatic;
						TestTargetID = B082B24E205C7D8000BC04DC;
					};
					B082B26B205C7D8000BC04DC = {
						CreatedOnToolsVersion = 9.2;
						ProvisioningStyle = Automatic;
						TestTargetID = B082B24E205C7D8000BC04DC;
					};
				};
			};
			buildConfigurationList = B082B24A205C7D8000BC04DC /* Build configuration list for PBXProject "MTMR" */;
			compatibilityVersion = "Xcode 8.0";
			developmentRegion = en;
			hasScannedForEncodings = 0;
			knownRegions = (
				en,
				Base,
			);
			mainGroup = B082B246205C7D8000BC04DC;
			productRefGroup = B082B250205C7D8000BC04DC /* Products */;
			projectDirPath = "";
			projectRoot = "";
			targets = (
				B082B24E205C7D8000BC04DC /* MTMR */,
				B082B260205C7D8000BC04DC /* MTMRTests */,
				B082B26B205C7D8000BC04DC /* MTMRUITests */,
			);
		};
/* End PBXProject section */

/* Begin PBXResourcesBuildPhase section */
		B082B24D205C7D8000BC04DC /* Resources */ = {
			isa = PBXResourcesBuildPhase;
			buildActionMask = 2147483647;
			files = (
				B082B257205C7D8000BC04DC /* Assets.xcassets in Resources */,
				B082B25A205C7D8000BC04DC /* Main.storyboard in Resources */,
				B0F8771D207AD35400D6E430 /* battery.scpt in Resources */,
			);
			runOnlyForDeploymentPostprocessing = 0;
		};
		B082B25F205C7D8000BC04DC /* Resources */ = {
			isa = PBXResourcesBuildPhase;
			buildActionMask = 2147483647;
			files = (
			);
			runOnlyForDeploymentPostprocessing = 0;
		};
		B082B26A205C7D8000BC04DC /* Resources */ = {
			isa = PBXResourcesBuildPhase;
			buildActionMask = 2147483647;
			files = (
			);
			runOnlyForDeploymentPostprocessing = 0;
		};
/* End PBXResourcesBuildPhase section */

/* Begin PBXSourcesBuildPhase section */
		B082B24B205C7D8000BC04DC /* Sources */ = {
			isa = PBXSourcesBuildPhase;
			buildActionMask = 2147483647;
			files = (
				B059D622205E03F5006E6B86 /* TouchBarController.swift in Sources */,
				36C2ECD9207B74B4003CDA33 /* AppleScriptTouchBarItem.swift in Sources */,
				B082B255205C7D8000BC04DC /* ViewController.swift in Sources */,
				B0C1CFCA205C97D30021C862 /* WindowController.swift in Sources */,
				B0F8771A207AC1EA00D6E430 /* TouchBarSupport.m in Sources */,
				B082B253205C7D8000BC04DC /* AppDelegate.swift in Sources */,
				B059D624205E04F3006E6B86 /* TouchBarItems.swift in Sources */,
				B0A7E9AA205D6AA400EEF070 /* KeyPress.swift in Sources */,
				36C2ECD7207B6DAE003CDA33 /* TimeTouchBarItem.swift in Sources */,
			);
			runOnlyForDeploymentPostprocessing = 0;
		};
		B082B25D205C7D8000BC04DC /* Sources */ = {
			isa = PBXSourcesBuildPhase;
			buildActionMask = 2147483647;
			files = (
				B082B266205C7D8000BC04DC /* MTMRTests.swift in Sources */,
			);
			runOnlyForDeploymentPostprocessing = 0;
		};
		B082B268205C7D8000BC04DC /* Sources */ = {
			isa = PBXSourcesBuildPhase;
			buildActionMask = 2147483647;
			files = (
				B082B271205C7D8000BC04DC /* MTMRUITests.swift in Sources */,
			);
			runOnlyForDeploymentPostprocessing = 0;
		};
/* End PBXSourcesBuildPhase section */

/* Begin PBXTargetDependency section */
		B082B263205C7D8000BC04DC /* PBXTargetDependency */ = {
			isa = PBXTargetDependency;
			target = B082B24E205C7D8000BC04DC /* MTMR */;
			targetProxy = B082B262205C7D8000BC04DC /* PBXContainerItemProxy */;
		};
		B082B26E205C7D8000BC04DC /* PBXTargetDependency */ = {
			isa = PBXTargetDependency;
			target = B082B24E205C7D8000BC04DC /* MTMR */;
			targetProxy = B082B26D205C7D8000BC04DC /* PBXContainerItemProxy */;
		};
/* End PBXTargetDependency section */

/* Begin PBXVariantGroup section */
		B082B258205C7D8000BC04DC /* Main.storyboard */ = {
			isa = PBXVariantGroup;
			children = (
				B082B259205C7D8000BC04DC /* Base */,
			);
			name = Main.storyboard;
			sourceTree = "<group>";
		};
/* End PBXVariantGroup section */

/* Begin XCBuildConfiguration section */
		B082B273205C7D8000BC04DC /* Debug */ = {
			isa = XCBuildConfiguration;
			buildSettings = {
				ALWAYS_SEARCH_USER_PATHS = NO;
				CLANG_ANALYZER_NONNULL = YES;
				CLANG_ANALYZER_NUMBER_OBJECT_CONVERSION = YES_AGGRESSIVE;
				CLANG_CXX_LANGUAGE_STANDARD = "gnu++14";
				CLANG_CXX_LIBRARY = "libc++";
				CLANG_ENABLE_MODULES = YES;
				CLANG_ENABLE_OBJC_ARC = YES;
				CLANG_WARN_BLOCK_CAPTURE_AUTORELEASING = YES;
				CLANG_WARN_BOOL_CONVERSION = YES;
				CLANG_WARN_COMMA = YES;
				CLANG_WARN_CONSTANT_CONVERSION = YES;
				CLANG_WARN_DEPRECATED_OBJC_IMPLEMENTATIONS = YES;
				CLANG_WARN_DIRECT_OBJC_ISA_USAGE = YES_ERROR;
				CLANG_WARN_DOCUMENTATION_COMMENTS = YES;
				CLANG_WARN_EMPTY_BODY = YES;
				CLANG_WARN_ENUM_CONVERSION = YES;
				CLANG_WARN_INFINITE_RECURSION = YES;
				CLANG_WARN_INT_CONVERSION = YES;
				CLANG_WARN_NON_LITERAL_NULL_CONVERSION = YES;
				CLANG_WARN_OBJC_IMPLICIT_RETAIN_SELF = YES;
				CLANG_WARN_OBJC_LITERAL_CONVERSION = YES;
				CLANG_WARN_OBJC_ROOT_CLASS = YES_ERROR;
				CLANG_WARN_RANGE_LOOP_ANALYSIS = YES;
				CLANG_WARN_STRICT_PROTOTYPES = YES;
				CLANG_WARN_SUSPICIOUS_MOVE = YES;
				CLANG_WARN_UNGUARDED_AVAILABILITY = YES_AGGRESSIVE;
				CLANG_WARN_UNREACHABLE_CODE = YES;
				CLANG_WARN__DUPLICATE_METHOD_MATCH = YES;
				CODE_SIGN_IDENTITY = "Mac Developer";
				COPY_PHASE_STRIP = NO;
				DEBUG_INFORMATION_FORMAT = dwarf;
				ENABLE_STRICT_OBJC_MSGSEND = YES;
				ENABLE_TESTABILITY = YES;
				GCC_C_LANGUAGE_STANDARD = gnu11;
				GCC_DYNAMIC_NO_PIC = NO;
				GCC_NO_COMMON_BLOCKS = YES;
				GCC_OPTIMIZATION_LEVEL = 0;
				GCC_PREPROCESSOR_DEFINITIONS = (
					"DEBUG=1",
					"$(inherited)",
				);
				GCC_WARN_64_TO_32_BIT_CONVERSION = YES;
				GCC_WARN_ABOUT_RETURN_TYPE = YES_ERROR;
				GCC_WARN_UNDECLARED_SELECTOR = YES;
				GCC_WARN_UNINITIALIZED_AUTOS = YES_AGGRESSIVE;
				GCC_WARN_UNUSED_FUNCTION = YES;
				GCC_WARN_UNUSED_VARIABLE = YES;
				MACOSX_DEPLOYMENT_TARGET = 10.12;
				MTL_ENABLE_DEBUG_INFO = YES;
				ONLY_ACTIVE_ARCH = YES;
				SDKROOT = macosx;
				SWIFT_ACTIVE_COMPILATION_CONDITIONS = DEBUG;
				SWIFT_OPTIMIZATION_LEVEL = "-Onone";
			};
			name = Debug;
		};
		B082B274205C7D8000BC04DC /* Release */ = {
			isa = XCBuildConfiguration;
			buildSettings = {
				ALWAYS_SEARCH_USER_PATHS = NO;
				CLANG_ANALYZER_NONNULL = YES;
				CLANG_ANALYZER_NUMBER_OBJECT_CONVERSION = YES_AGGRESSIVE;
				CLANG_CXX_LANGUAGE_STANDARD = "gnu++14";
				CLANG_CXX_LIBRARY = "libc++";
				CLANG_ENABLE_MODULES = YES;
				CLANG_ENABLE_OBJC_ARC = YES;
				CLANG_WARN_BLOCK_CAPTURE_AUTORELEASING = YES;
				CLANG_WARN_BOOL_CONVERSION = YES;
				CLANG_WARN_COMMA = YES;
				CLANG_WARN_CONSTANT_CONVERSION = YES;
				CLANG_WARN_DEPRECATED_OBJC_IMPLEMENTATIONS = YES;
				CLANG_WARN_DIRECT_OBJC_ISA_USAGE = YES_ERROR;
				CLANG_WARN_DOCUMENTATION_COMMENTS = YES;
				CLANG_WARN_EMPTY_BODY = YES;
				CLANG_WARN_ENUM_CONVERSION = YES;
				CLANG_WARN_INFINITE_RECURSION = YES;
				CLANG_WARN_INT_CONVERSION = YES;
				CLANG_WARN_NON_LITERAL_NULL_CONVERSION = YES;
				CLANG_WARN_OBJC_IMPLICIT_RETAIN_SELF = YES;
				CLANG_WARN_OBJC_LITERAL_CONVERSION = YES;
				CLANG_WARN_OBJC_ROOT_CLASS = YES_ERROR;
				CLANG_WARN_RANGE_LOOP_ANALYSIS = YES;
				CLANG_WARN_STRICT_PROTOTYPES = YES;
				CLANG_WARN_SUSPICIOUS_MOVE = YES;
				CLANG_WARN_UNGUARDED_AVAILABILITY = YES_AGGRESSIVE;
				CLANG_WARN_UNREACHABLE_CODE = YES;
				CLANG_WARN__DUPLICATE_METHOD_MATCH = YES;
				CODE_SIGN_IDENTITY = "Mac Developer";
				COPY_PHASE_STRIP = NO;
				DEBUG_INFORMATION_FORMAT = "dwarf-with-dsym";
				ENABLE_NS_ASSERTIONS = NO;
				ENABLE_STRICT_OBJC_MSGSEND = YES;
				GCC_C_LANGUAGE_STANDARD = gnu11;
				GCC_NO_COMMON_BLOCKS = YES;
				GCC_WARN_64_TO_32_BIT_CONVERSION = YES;
				GCC_WARN_ABOUT_RETURN_TYPE = YES_ERROR;
				GCC_WARN_UNDECLARED_SELECTOR = YES;
				GCC_WARN_UNINITIALIZED_AUTOS = YES_AGGRESSIVE;
				GCC_WARN_UNUSED_FUNCTION = YES;
				GCC_WARN_UNUSED_VARIABLE = YES;
				MACOSX_DEPLOYMENT_TARGET = 10.12;
				MTL_ENABLE_DEBUG_INFO = NO;
				SDKROOT = macosx;
				SWIFT_OPTIMIZATION_LEVEL = "-Owholemodule";
			};
			name = Release;
		};
		B082B276205C7D8000BC04DC /* Debug */ = {
			isa = XCBuildConfiguration;
			buildSettings = {
				ASSETCATALOG_COMPILER_APPICON_NAME = AppIcon;
				CODE_SIGN_STYLE = Automatic;
				COMBINE_HIDPI_IMAGES = YES;
				DEVELOPMENT_TEAM = D6D8BR2QNB;
				FRAMEWORK_SEARCH_PATHS = (
					"$(inherited)",
					"$(SYSTEM_LIBRARY_DIR)/PrivateFrameworks",
				);
				INFOPLIST_FILE = MTMR/Info.plist;
				LD_RUNPATH_SEARCH_PATHS = "$(inherited) @executable_path/../Frameworks";
				PRODUCT_BUNDLE_IDENTIFIER = Toxblh.MTMR;
				PRODUCT_NAME = "$(TARGET_NAME)";
				SWIFT_OBJC_BRIDGING_HEADER = "MTMR/TouchBarPrivateApi-Bridging.h";
				SWIFT_VERSION = 4.0;
			};
			name = Debug;
		};
		B082B277205C7D8000BC04DC /* Release */ = {
			isa = XCBuildConfiguration;
			buildSettings = {
				ASSETCATALOG_COMPILER_APPICON_NAME = AppIcon;
				CODE_SIGN_STYLE = Automatic;
				COMBINE_HIDPI_IMAGES = YES;
				DEVELOPMENT_TEAM = D6D8BR2QNB;
				FRAMEWORK_SEARCH_PATHS = (
					"$(inherited)",
					"$(SYSTEM_LIBRARY_DIR)/PrivateFrameworks",
				);
				INFOPLIST_FILE = MTMR/Info.plist;
				LD_RUNPATH_SEARCH_PATHS = "$(inherited) @executable_path/../Frameworks";
				PRODUCT_BUNDLE_IDENTIFIER = Toxblh.MTMR;
				PRODUCT_NAME = "$(TARGET_NAME)";
				SWIFT_OBJC_BRIDGING_HEADER = "MTMR/TouchBarPrivateApi-Bridging.h";
				SWIFT_VERSION = 4.0;
			};
			name = Release;
		};
		B082B279205C7D8000BC04DC /* Debug */ = {
			isa = XCBuildConfiguration;
			buildSettings = {
				ALWAYS_EMBED_SWIFT_STANDARD_LIBRARIES = YES;
				BUNDLE_LOADER = "$(TEST_HOST)";
				CODE_SIGN_STYLE = Automatic;
				COMBINE_HIDPI_IMAGES = YES;
				DEVELOPMENT_TEAM = D6D8BR2QNB;
				INFOPLIST_FILE = MTMRTests/Info.plist;
				LD_RUNPATH_SEARCH_PATHS = "$(inherited) @executable_path/../Frameworks @loader_path/../Frameworks";
				PRODUCT_BUNDLE_IDENTIFIER = Toxblh.MTMRTests;
				PRODUCT_NAME = "$(TARGET_NAME)";
				SWIFT_VERSION = 4.0;
				TEST_HOST = "$(BUILT_PRODUCTS_DIR)/MTMR.app/Contents/MacOS/MTMR";
			};
			name = Debug;
		};
		B082B27A205C7D8000BC04DC /* Release */ = {
			isa = XCBuildConfiguration;
			buildSettings = {
				ALWAYS_EMBED_SWIFT_STANDARD_LIBRARIES = YES;
				BUNDLE_LOADER = "$(TEST_HOST)";
				CODE_SIGN_STYLE = Automatic;
				COMBINE_HIDPI_IMAGES = YES;
				DEVELOPMENT_TEAM = D6D8BR2QNB;
				INFOPLIST_FILE = MTMRTests/Info.plist;
				LD_RUNPATH_SEARCH_PATHS = "$(inherited) @executable_path/../Frameworks @loader_path/../Frameworks";
				PRODUCT_BUNDLE_IDENTIFIER = Toxblh.MTMRTests;
				PRODUCT_NAME = "$(TARGET_NAME)";
				SWIFT_VERSION = 4.0;
				TEST_HOST = "$(BUILT_PRODUCTS_DIR)/MTMR.app/Contents/MacOS/MTMR";
			};
			name = Release;
		};
		B082B27C205C7D8000BC04DC /* Debug */ = {
			isa = XCBuildConfiguration;
			buildSettings = {
				ALWAYS_EMBED_SWIFT_STANDARD_LIBRARIES = YES;
				CODE_SIGN_STYLE = Automatic;
				COMBINE_HIDPI_IMAGES = YES;
				DEVELOPMENT_TEAM = D6D8BR2QNB;
				INFOPLIST_FILE = MTMRUITests/Info.plist;
				LD_RUNPATH_SEARCH_PATHS = "$(inherited) @executable_path/../Frameworks @loader_path/../Frameworks";
				PRODUCT_BUNDLE_IDENTIFIER = Toxblh.MTMRUITests;
				PRODUCT_NAME = "$(TARGET_NAME)";
				SWIFT_VERSION = 4.0;
				TEST_TARGET_NAME = MTMR;
			};
			name = Debug;
		};
		B082B27D205C7D8000BC04DC /* Release */ = {
			isa = XCBuildConfiguration;
			buildSettings = {
				ALWAYS_EMBED_SWIFT_STANDARD_LIBRARIES = YES;
				CODE_SIGN_STYLE = Automatic;
				COMBINE_HIDPI_IMAGES = YES;
				DEVELOPMENT_TEAM = D6D8BR2QNB;
				INFOPLIST_FILE = MTMRUITests/Info.plist;
				LD_RUNPATH_SEARCH_PATHS = "$(inherited) @executable_path/../Frameworks @loader_path/../Frameworks";
				PRODUCT_BUNDLE_IDENTIFIER = Toxblh.MTMRUITests;
				PRODUCT_NAME = "$(TARGET_NAME)";
				SWIFT_VERSION = 4.0;
				TEST_TARGET_NAME = MTMR;
			};
			name = Release;
		};
/* End XCBuildConfiguration section */

/* Begin XCConfigurationList section */
		B082B24A205C7D8000BC04DC /* Build configuration list for PBXProject "MTMR" */ = {
			isa = XCConfigurationList;
			buildConfigurations = (
				B082B273205C7D8000BC04DC /* Debug */,
				B082B274205C7D8000BC04DC /* Release */,
			);
			defaultConfigurationIsVisible = 0;
			defaultConfigurationName = Release;
		};
		B082B275205C7D8000BC04DC /* Build configuration list for PBXNativeTarget "MTMR" */ = {
			isa = XCConfigurationList;
			buildConfigurations = (
				B082B276205C7D8000BC04DC /* Debug */,
				B082B277205C7D8000BC04DC /* Release */,
			);
			defaultConfigurationIsVisible = 0;
			defaultConfigurationName = Release;
		};
		B082B278205C7D8000BC04DC /* Build configuration list for PBXNativeTarget "MTMRTests" */ = {
			isa = XCConfigurationList;
			buildConfigurations = (
				B082B279205C7D8000BC04DC /* Debug */,
				B082B27A205C7D8000BC04DC /* Release */,
			);
			defaultConfigurationIsVisible = 0;
			defaultConfigurationName = Release;
		};
		B082B27B205C7D8000BC04DC /* Build configuration list for PBXNativeTarget "MTMRUITests" */ = {
			isa = XCConfigurationList;
			buildConfigurations = (
				B082B27C205C7D8000BC04DC /* Debug */,
				B082B27D205C7D8000BC04DC /* Release */,
			);
			defaultConfigurationIsVisible = 0;
			defaultConfigurationName = Release;
		};
/* End XCConfigurationList section */
	};
	rootObject = B082B247205C7D8000BC04DC /* Project object */;
}
